// !$*UTF8*$!
{
	archiveVersion = 1;
	classes = {
	};
	objectVersion = 50;
	objects = {

/* Begin PBXBuildFile section */
		1101BFA421501EA60012599B /* Contact.swift in Sources */ = {isa = PBXBuildFile; fileRef = 1101BFA321501EA60012599B /* Contact.swift */; };
		1101BFA621501F7E0012599B /* ContactDataManager.swift in Sources */ = {isa = PBXBuildFile; fileRef = 1101BFA521501F7E0012599B /* ContactDataManager.swift */; };
		1101BFA8215023240012599B /* ContactViewModel.swift in Sources */ = {isa = PBXBuildFile; fileRef = 1101BFA7215023240012599B /* ContactViewModel.swift */; };
		1132AD412149868400B9BBB5 /* SettingsViewController.swift in Sources */ = {isa = PBXBuildFile; fileRef = 1132AD402149868400B9BBB5 /* SettingsViewController.swift */; };
		1132AD432149888900B9BBB5 /* AccountInitialsUpdate.swift in Sources */ = {isa = PBXBuildFile; fileRef = 1132AD422149888900B9BBB5 /* AccountInitialsUpdate.swift */; };
		1132AD4521498A2F00B9BBB5 /* AccountBioUpdate.swift in Sources */ = {isa = PBXBuildFile; fileRef = 1132AD4421498A2F00B9BBB5 /* AccountBioUpdate.swift */; };
		1132AD4721498B5800B9BBB5 /* AccountUsernameUpdate.swift in Sources */ = {isa = PBXBuildFile; fileRef = 1132AD4621498B5800B9BBB5 /* AccountUsernameUpdate.swift */; };
		1132AD4921498C4300B9BBB5 /* AccountPhotoUpdate.swift in Sources */ = {isa = PBXBuildFile; fileRef = 1132AD4821498C4300B9BBB5 /* AccountPhotoUpdate.swift */; };
		1132AD4B21498E1900B9BBB5 /* AccountGenderUpdate.swift in Sources */ = {isa = PBXBuildFile; fileRef = 1132AD4A21498E1900B9BBB5 /* AccountGenderUpdate.swift */; };
		1158272B2147B59100D5AFE1 /* AwsHelper.swift in Sources */ = {isa = PBXBuildFile; fileRef = 1158272A2147B59100D5AFE1 /* AwsHelper.swift */; };
		115974BD2151769C0075C2A5 /* FriendViewModel.swift in Sources */ = {isa = PBXBuildFile; fileRef = 115974BC2151769B0075C2A5 /* FriendViewModel.swift */; };
		116A8B6121518EBF00C9F8DE /* Constants.swift in Sources */ = {isa = PBXBuildFile; fileRef = 116A8B6021518EBF00C9F8DE /* Constants.swift */; };
		116A8B63215192B800C9F8DE /* GoogleService-Info.plist in Resources */ = {isa = PBXBuildFile; fileRef = 116A8B62215192B700C9F8DE /* GoogleService-Info.plist */; };
		116A8B652151934700C9F8DE /* ChatViewController.swift in Sources */ = {isa = PBXBuildFile; fileRef = 116A8B642151934700C9F8DE /* ChatViewController.swift */; };
		116D07A321469A1200FB0AF0 /* AccountPhoneUpdate.swift in Sources */ = {isa = PBXBuildFile; fileRef = 116D07A221469A1200FB0AF0 /* AccountPhoneUpdate.swift */; };
		117D4A18213F11A20072AB88 /* AppDelegate.swift in Sources */ = {isa = PBXBuildFile; fileRef = 117D4A17213F11A20072AB88 /* AppDelegate.swift */; };
		117D4A1A213F11A20072AB88 /* InitialViewController.swift in Sources */ = {isa = PBXBuildFile; fileRef = 117D4A19213F11A20072AB88 /* InitialViewController.swift */; };
		117D4A1D213F11A20072AB88 /* Main.storyboard in Resources */ = {isa = PBXBuildFile; fileRef = 117D4A1B213F11A20072AB88 /* Main.storyboard */; };
		117D4A20213F11A20072AB88 /* Shiftgram.xcdatamodeld in Sources */ = {isa = PBXBuildFile; fileRef = 117D4A1E213F11A20072AB88 /* Shiftgram.xcdatamodeld */; };
		117D4A25213F11A40072AB88 /* LaunchScreen.storyboard in Resources */ = {isa = PBXBuildFile; fileRef = 117D4A23213F11A40072AB88 /* LaunchScreen.storyboard */; };
		117D4A30213F11A40072AB88 /* ShiftgramTests.swift in Sources */ = {isa = PBXBuildFile; fileRef = 117D4A2F213F11A40072AB88 /* ShiftgramTests.swift */; };
		117D4A3B213F11A40072AB88 /* ShiftgramUITests.swift in Sources */ = {isa = PBXBuildFile; fileRef = 117D4A3A213F11A40072AB88 /* ShiftgramUITests.swift */; };
		117D4A4C213F16D60072AB88 /* PhoneVerifyViewController.swift in Sources */ = {isa = PBXBuildFile; fileRef = 117D4A4B213F16D60072AB88 /* PhoneVerifyViewController.swift */; };
		117D4A4E213F1F260072AB88 /* ProfileViewController.swift in Sources */ = {isa = PBXBuildFile; fileRef = 117D4A4D213F1F260072AB88 /* ProfileViewController.swift */; };
		11878F7F21455CE5009026CE /* ActivityIndicator.swift in Sources */ = {isa = PBXBuildFile; fileRef = 11878F7E21455CE5009026CE /* ActivityIndicator.swift */; };
		11878F82214562FC009026CE /* UserEnitity.swift in Sources */ = {isa = PBXBuildFile; fileRef = 11878F81214562FC009026CE /* UserEnitity.swift */; };
		11878F84214571B7009026CE /* UserDataManager.swift in Sources */ = {isa = PBXBuildFile; fileRef = 11878F83214571B7009026CE /* UserDataManager.swift */; };
		11878F8621457301009026CE /* Account.swift in Sources */ = {isa = PBXBuildFile; fileRef = 11878F8521457301009026CE /* Account.swift */; };
		11878F88214596E4009026CE /* Assets.xcassets in Resources */ = {isa = PBXBuildFile; fileRef = 11878F87214596E4009026CE /* Assets.xcassets */; };
		11878F8A21459DD9009026CE /* UserViewModel.swift in Sources */ = {isa = PBXBuildFile; fileRef = 11878F8921459DD9009026CE /* UserViewModel.swift */; };
		11878F8C2145A695009026CE /* PhoneVerify.swift in Sources */ = {isa = PBXBuildFile; fileRef = 11878F8B2145A695009026CE /* PhoneVerify.swift */; };
		11AB8295214804B1003558A4 /* AccountUpdatable.swift in Sources */ = {isa = PBXBuildFile; fileRef = 11AB8294214804B1003558A4 /* AccountUpdatable.swift */; };
		11BE43AD21503B5500938ED2 /* ContactTableViewCell.swift in Sources */ = {isa = PBXBuildFile; fileRef = 11BE43AC21503B5500938ED2 /* ContactTableViewCell.swift */; };
		11BE43AF21503F2D00938ED2 /* InviteViewController.swift in Sources */ = {isa = PBXBuildFile; fileRef = 11BE43AE21503F2D00938ED2 /* InviteViewController.swift */; };
		11C29CA52159559100D50085 /* StringExtensions.swift in Sources */ = {isa = PBXBuildFile; fileRef = 11C29CA42159559100D50085 /* StringExtensions.swift */; };
		11C33D3521405A9500E10B8B /* CodeVerifyViewController.swift in Sources */ = {isa = PBXBuildFile; fileRef = 11C33D3421405A9500E10B8B /* CodeVerifyViewController.swift */; };
		11CAF5F7214AED2C00EEAB74 /* AccountSettings.swift in Sources */ = {isa = PBXBuildFile; fileRef = 11CAF5F6214AED2C00EEAB74 /* AccountSettings.swift */; };
		11D833B12151673E00C606BB /* FriendEntity.swift in Sources */ = {isa = PBXBuildFile; fileRef = 11D833B02151673E00C606BB /* FriendEntity.swift */; };
		11D833B32151680800C606BB /* FriendModel.swift in Sources */ = {isa = PBXBuildFile; fileRef = 11D833B22151680800C606BB /* FriendModel.swift */; };
		11D833B52151697D00C606BB /* FriendDataManager.swift in Sources */ = {isa = PBXBuildFile; fileRef = 11D833B42151697D00C606BB /* FriendDataManager.swift */; };
		11D833B721516A5600C606BB /* AccountFriendModel.swift in Sources */ = {isa = PBXBuildFile; fileRef = 11D833B621516A5600C606BB /* AccountFriendModel.swift */; };
		11EBAAA82146D74700CECB45 /* ContactViewController.swift in Sources */ = {isa = PBXBuildFile; fileRef = 11EBAAA72146D74700CECB45 /* ContactViewController.swift */; };
		11EBAAAA2146D75E00CECB45 /* MessageViewController.swift in Sources */ = {isa = PBXBuildFile; fileRef = 11EBAAA92146D75E00CECB45 /* MessageViewController.swift */; };
		11F31A562140665D00419361 /* Phone.swift in Sources */ = {isa = PBXBuildFile; fileRef = 11F31A552140665D00419361 /* Phone.swift */; };
		11F31A592140670400419361 /* PhoneViewModel.swift in Sources */ = {isa = PBXBuildFile; fileRef = 11F31A582140670400419361 /* PhoneViewModel.swift */; };
		11F31A5C2140688100419361 /* PhoneDataManager.swift in Sources */ = {isa = PBXBuildFile; fileRef = 11F31A5B2140688100419361 /* PhoneDataManager.swift */; };
		788044D78A1BB8FC1B6273B2 /* Pods_Shiftgram.framework in Frameworks */ = {isa = PBXBuildFile; fileRef = B543D455E2AE5E4CF8040C2C /* Pods_Shiftgram.framework */; };
/* End PBXBuildFile section */

/* Begin PBXContainerItemProxy section */
		117D4A2C213F11A40072AB88 /* PBXContainerItemProxy */ = {
			isa = PBXContainerItemProxy;
			containerPortal = 117D4A0C213F11A20072AB88 /* Project object */;
			proxyType = 1;
			remoteGlobalIDString = 117D4A13213F11A20072AB88;
			remoteInfo = Shiftgram;
		};
		117D4A37213F11A40072AB88 /* PBXContainerItemProxy */ = {
			isa = PBXContainerItemProxy;
			containerPortal = 117D4A0C213F11A20072AB88 /* Project object */;
			proxyType = 1;
			remoteGlobalIDString = 117D4A13213F11A20072AB88;
			remoteInfo = Shiftgram;
		};
/* End PBXContainerItemProxy section */

/* Begin PBXFileReference section */
		1101BFA321501EA60012599B /* Contact.swift */ = {isa = PBXFileReference; lastKnownFileType = sourcecode.swift; path = Contact.swift; sourceTree = "<group>"; };
		1101BFA521501F7E0012599B /* ContactDataManager.swift */ = {isa = PBXFileReference; lastKnownFileType = sourcecode.swift; path = ContactDataManager.swift; sourceTree = "<group>"; };
		1101BFA7215023240012599B /* ContactViewModel.swift */ = {isa = PBXFileReference; lastKnownFileType = sourcecode.swift; path = ContactViewModel.swift; sourceTree = "<group>"; };
		1132AD402149868400B9BBB5 /* SettingsViewController.swift */ = {isa = PBXFileReference; lastKnownFileType = sourcecode.swift; path = SettingsViewController.swift; sourceTree = "<group>"; };
		1132AD422149888900B9BBB5 /* AccountInitialsUpdate.swift */ = {isa = PBXFileReference; lastKnownFileType = sourcecode.swift; path = AccountInitialsUpdate.swift; sourceTree = "<group>"; };
		1132AD4421498A2F00B9BBB5 /* AccountBioUpdate.swift */ = {isa = PBXFileReference; lastKnownFileType = sourcecode.swift; path = AccountBioUpdate.swift; sourceTree = "<group>"; };
		1132AD4621498B5800B9BBB5 /* AccountUsernameUpdate.swift */ = {isa = PBXFileReference; lastKnownFileType = sourcecode.swift; path = AccountUsernameUpdate.swift; sourceTree = "<group>"; };
		1132AD4821498C4300B9BBB5 /* AccountPhotoUpdate.swift */ = {isa = PBXFileReference; lastKnownFileType = sourcecode.swift; path = AccountPhotoUpdate.swift; sourceTree = "<group>"; };
		1132AD4A21498E1900B9BBB5 /* AccountGenderUpdate.swift */ = {isa = PBXFileReference; lastKnownFileType = sourcecode.swift; path = AccountGenderUpdate.swift; sourceTree = "<group>"; };
		1158272A2147B59100D5AFE1 /* AwsHelper.swift */ = {isa = PBXFileReference; lastKnownFileType = sourcecode.swift; path = AwsHelper.swift; sourceTree = "<group>"; };
		115974BC2151769B0075C2A5 /* FriendViewModel.swift */ = {isa = PBXFileReference; lastKnownFileType = sourcecode.swift; path = FriendViewModel.swift; sourceTree = "<group>"; };
		116A8B5C21518AF800C9F8DE /* Bridging-Header.h */ = {isa = PBXFileReference; lastKnownFileType = sourcecode.c.h; path = "Bridging-Header.h"; sourceTree = "<group>"; };
		116A8B6021518EBF00C9F8DE /* Constants.swift */ = {isa = PBXFileReference; lastKnownFileType = sourcecode.swift; path = Constants.swift; sourceTree = "<group>"; };
		116A8B62215192B700C9F8DE /* GoogleService-Info.plist */ = {isa = PBXFileReference; fileEncoding = 4; lastKnownFileType = text.plist.xml; path = "GoogleService-Info.plist"; sourceTree = "<group>"; };
		116A8B642151934700C9F8DE /* ChatViewController.swift */ = {isa = PBXFileReference; lastKnownFileType = sourcecode.swift; path = ChatViewController.swift; sourceTree = "<group>"; };
		116D07A221469A1200FB0AF0 /* AccountPhoneUpdate.swift */ = {isa = PBXFileReference; lastKnownFileType = sourcecode.swift; path = AccountPhoneUpdate.swift; sourceTree = "<group>"; };
		117D4A14213F11A20072AB88 /* Shiftgram.app */ = {isa = PBXFileReference; explicitFileType = wrapper.application; includeInIndex = 0; path = Shiftgram.app; sourceTree = BUILT_PRODUCTS_DIR; };
		117D4A17213F11A20072AB88 /* AppDelegate.swift */ = {isa = PBXFileReference; lastKnownFileType = sourcecode.swift; path = AppDelegate.swift; sourceTree = "<group>"; };
		117D4A19213F11A20072AB88 /* InitialViewController.swift */ = {isa = PBXFileReference; lastKnownFileType = sourcecode.swift; path = InitialViewController.swift; sourceTree = "<group>"; };
		117D4A1C213F11A20072AB88 /* Base */ = {isa = PBXFileReference; lastKnownFileType = file.storyboard; name = Base; path = Base.lproj/Main.storyboard; sourceTree = "<group>"; };
		117D4A1F213F11A20072AB88 /* Shiftgram.xcdatamodel */ = {isa = PBXFileReference; lastKnownFileType = wrapper.xcdatamodel; path = Shiftgram.xcdatamodel; sourceTree = "<group>"; };
		117D4A24213F11A40072AB88 /* Base */ = {isa = PBXFileReference; lastKnownFileType = file.storyboard; name = Base; path = Base.lproj/LaunchScreen.storyboard; sourceTree = "<group>"; };
		117D4A26213F11A40072AB88 /* Info.plist */ = {isa = PBXFileReference; lastKnownFileType = text.plist.xml; path = Info.plist; sourceTree = "<group>"; };
		117D4A2B213F11A40072AB88 /* ShiftgramTests.xctest */ = {isa = PBXFileReference; explicitFileType = wrapper.cfbundle; includeInIndex = 0; path = ShiftgramTests.xctest; sourceTree = BUILT_PRODUCTS_DIR; };
		117D4A2F213F11A40072AB88 /* ShiftgramTests.swift */ = {isa = PBXFileReference; lastKnownFileType = sourcecode.swift; path = ShiftgramTests.swift; sourceTree = "<group>"; };
		117D4A31213F11A40072AB88 /* Info.plist */ = {isa = PBXFileReference; lastKnownFileType = text.plist.xml; path = Info.plist; sourceTree = "<group>"; };
		117D4A36213F11A40072AB88 /* ShiftgramUITests.xctest */ = {isa = PBXFileReference; explicitFileType = wrapper.cfbundle; includeInIndex = 0; path = ShiftgramUITests.xctest; sourceTree = BUILT_PRODUCTS_DIR; };
		117D4A3A213F11A40072AB88 /* ShiftgramUITests.swift */ = {isa = PBXFileReference; lastKnownFileType = sourcecode.swift; path = ShiftgramUITests.swift; sourceTree = "<group>"; };
		117D4A3C213F11A40072AB88 /* Info.plist */ = {isa = PBXFileReference; lastKnownFileType = text.plist.xml; path = Info.plist; sourceTree = "<group>"; };
		117D4A48213F120C0072AB88 /* ru */ = {isa = PBXFileReference; lastKnownFileType = text.plist.strings; name = ru; path = ru.lproj/Main.strings; sourceTree = "<group>"; };
		117D4A49213F120D0072AB88 /* ru */ = {isa = PBXFileReference; lastKnownFileType = text.plist.strings; name = ru; path = ru.lproj/LaunchScreen.strings; sourceTree = "<group>"; };
		117D4A4B213F16D60072AB88 /* PhoneVerifyViewController.swift */ = {isa = PBXFileReference; lastKnownFileType = sourcecode.swift; path = PhoneVerifyViewController.swift; sourceTree = "<group>"; };
		117D4A4D213F1F260072AB88 /* ProfileViewController.swift */ = {isa = PBXFileReference; lastKnownFileType = sourcecode.swift; path = ProfileViewController.swift; sourceTree = "<group>"; };
		11878F7E21455CE5009026CE /* ActivityIndicator.swift */ = {isa = PBXFileReference; lastKnownFileType = sourcecode.swift; path = ActivityIndicator.swift; sourceTree = "<group>"; };
		11878F81214562FC009026CE /* UserEnitity.swift */ = {isa = PBXFileReference; lastKnownFileType = sourcecode.swift; path = UserEnitity.swift; sourceTree = "<group>"; };
		11878F83214571B7009026CE /* UserDataManager.swift */ = {isa = PBXFileReference; lastKnownFileType = sourcecode.swift; path = UserDataManager.swift; sourceTree = "<group>"; };
		11878F8521457301009026CE /* Account.swift */ = {isa = PBXFileReference; lastKnownFileType = sourcecode.swift; path = Account.swift; sourceTree = "<group>"; };
		11878F87214596E4009026CE /* Assets.xcassets */ = {isa = PBXFileReference; lastKnownFileType = folder.assetcatalog; path = Assets.xcassets; sourceTree = "<group>"; };
		11878F8921459DD9009026CE /* UserViewModel.swift */ = {isa = PBXFileReference; lastKnownFileType = sourcecode.swift; path = UserViewModel.swift; sourceTree = "<group>"; };
		11878F8B2145A695009026CE /* PhoneVerify.swift */ = {isa = PBXFileReference; lastKnownFileType = sourcecode.swift; path = PhoneVerify.swift; sourceTree = "<group>"; };
		11AB8294214804B1003558A4 /* AccountUpdatable.swift */ = {isa = PBXFileReference; lastKnownFileType = sourcecode.swift; path = AccountUpdatable.swift; sourceTree = "<group>"; };
		11BE43AC21503B5500938ED2 /* ContactTableViewCell.swift */ = {isa = PBXFileReference; lastKnownFileType = sourcecode.swift; path = ContactTableViewCell.swift; sourceTree = "<group>"; };
		11BE43AE21503F2D00938ED2 /* InviteViewController.swift */ = {isa = PBXFileReference; lastKnownFileType = sourcecode.swift; path = InviteViewController.swift; sourceTree = "<group>"; };
		11C29CA42159559100D50085 /* StringExtensions.swift */ = {isa = PBXFileReference; lastKnownFileType = sourcecode.swift; path = StringExtensions.swift; sourceTree = "<group>"; };
		11C33D3421405A9500E10B8B /* CodeVerifyViewController.swift */ = {isa = PBXFileReference; lastKnownFileType = sourcecode.swift; path = CodeVerifyViewController.swift; sourceTree = "<group>"; };
		11CAF5F6214AED2C00EEAB74 /* AccountSettings.swift */ = {isa = PBXFileReference; lastKnownFileType = sourcecode.swift; path = AccountSettings.swift; sourceTree = "<group>"; };
		11D833B02151673E00C606BB /* FriendEntity.swift */ = {isa = PBXFileReference; lastKnownFileType = sourcecode.swift; path = FriendEntity.swift; sourceTree = "<group>"; };
		11D833B22151680800C606BB /* FriendModel.swift */ = {isa = PBXFileReference; lastKnownFileType = sourcecode.swift; path = FriendModel.swift; sourceTree = "<group>"; };
		11D833B42151697D00C606BB /* FriendDataManager.swift */ = {isa = PBXFileReference; lastKnownFileType = sourcecode.swift; path = FriendDataManager.swift; sourceTree = "<group>"; };
		11D833B621516A5600C606BB /* AccountFriendModel.swift */ = {isa = PBXFileReference; lastKnownFileType = sourcecode.swift; path = AccountFriendModel.swift; sourceTree = "<group>"; };
		11EBAAA72146D74700CECB45 /* ContactViewController.swift */ = {isa = PBXFileReference; lastKnownFileType = sourcecode.swift; path = ContactViewController.swift; sourceTree = "<group>"; };
		11EBAAA92146D75E00CECB45 /* MessageViewController.swift */ = {isa = PBXFileReference; lastKnownFileType = sourcecode.swift; path = MessageViewController.swift; sourceTree = "<group>"; };
		11F31A552140665D00419361 /* Phone.swift */ = {isa = PBXFileReference; lastKnownFileType = sourcecode.swift; path = Phone.swift; sourceTree = "<group>"; };
		11F31A582140670400419361 /* PhoneViewModel.swift */ = {isa = PBXFileReference; lastKnownFileType = sourcecode.swift; path = PhoneViewModel.swift; sourceTree = "<group>"; };
		11F31A5B2140688100419361 /* PhoneDataManager.swift */ = {isa = PBXFileReference; lastKnownFileType = sourcecode.swift; path = PhoneDataManager.swift; sourceTree = "<group>"; };
		5BFC68A548607F6A005195A6 /* Pods-Shiftgram.debug.xcconfig */ = {isa = PBXFileReference; includeInIndex = 1; lastKnownFileType = text.xcconfig; name = "Pods-Shiftgram.debug.xcconfig"; path = "Pods/Target Support Files/Pods-Shiftgram/Pods-Shiftgram.debug.xcconfig"; sourceTree = "<group>"; };
		7FA204809493C9466386BEDD /* Pods-Shiftgram.release.xcconfig */ = {isa = PBXFileReference; includeInIndex = 1; lastKnownFileType = text.xcconfig; name = "Pods-Shiftgram.release.xcconfig"; path = "Pods/Target Support Files/Pods-Shiftgram/Pods-Shiftgram.release.xcconfig"; sourceTree = "<group>"; };
		B543D455E2AE5E4CF8040C2C /* Pods_Shiftgram.framework */ = {isa = PBXFileReference; explicitFileType = wrapper.framework; includeInIndex = 0; path = Pods_Shiftgram.framework; sourceTree = BUILT_PRODUCTS_DIR; };
/* End PBXFileReference section */

/* Begin PBXFrameworksBuildPhase section */
		117D4A11213F11A20072AB88 /* Frameworks */ = {
			isa = PBXFrameworksBuildPhase;
			buildActionMask = 2147483647;
			files = (
				788044D78A1BB8FC1B6273B2 /* Pods_Shiftgram.framework in Frameworks */,
			);
			runOnlyForDeploymentPostprocessing = 0;
		};
		117D4A28213F11A40072AB88 /* Frameworks */ = {
			isa = PBXFrameworksBuildPhase;
			buildActionMask = 2147483647;
			files = (
			);
			runOnlyForDeploymentPostprocessing = 0;
		};
		117D4A33213F11A40072AB88 /* Frameworks */ = {
			isa = PBXFrameworksBuildPhase;
			buildActionMask = 2147483647;
			files = (
			);
			runOnlyForDeploymentPostprocessing = 0;
		};
/* End PBXFrameworksBuildPhase section */

/* Begin PBXGroup section */
		1101BFA921502FAB0012599B /* TableViewCells */ = {
			isa = PBXGroup;
			children = (
				11BE43AC21503B5500938ED2 /* ContactTableViewCell.swift */,
			);
			path = TableViewCells;
			sourceTree = "<group>";
		};
		116A8B5F21518EAC00C9F8DE /* Constanst */ = {
			isa = PBXGroup;
			children = (
				116A8B6021518EBF00C9F8DE /* Constants.swift */,
			);
			path = Constanst;
			sourceTree = "<group>";
		};
		117D4A0B213F11A20072AB88 = {
			isa = PBXGroup;
			children = (
				116A8B62215192B700C9F8DE /* GoogleService-Info.plist */,
				116A8B5C21518AF800C9F8DE /* Bridging-Header.h */,
				11878F87214596E4009026CE /* Assets.xcassets */,
				117D4A16213F11A20072AB88 /* Shiftgram */,
				117D4A2E213F11A40072AB88 /* ShiftgramTests */,
				117D4A39213F11A40072AB88 /* ShiftgramUITests */,
				117D4A15213F11A20072AB88 /* Products */,
				8E6ECB627D9A7D08AD49CB9C /* Pods */,
				F07B8EABE2A88BCE942B95ED /* Frameworks */,
			);
			sourceTree = "<group>";
		};
		117D4A15213F11A20072AB88 /* Products */ = {
			isa = PBXGroup;
			children = (
				117D4A14213F11A20072AB88 /* Shiftgram.app */,
				117D4A2B213F11A40072AB88 /* ShiftgramTests.xctest */,
				117D4A36213F11A40072AB88 /* ShiftgramUITests.xctest */,
			);
			name = Products;
			sourceTree = "<group>";
		};
		117D4A16213F11A20072AB88 /* Shiftgram */ = {
			isa = PBXGroup;
			children = (
				116A8B5F21518EAC00C9F8DE /* Constanst */,
				1101BFA921502FAB0012599B /* TableViewCells */,
				11CAF5F8214AF83700EEAB74 /* Extensions */,
				11AB829321480498003558A4 /* Protocols */,
				11878F80214562D3009026CE /* CoreData */,
				11878F7D21455CC8009026CE /* Helpers */,
				11F31A5A2140685200419361 /* DataManagers */,
				11F31A57214066E400419361 /* ViewModels */,
				11F31A542140663800419361 /* Models */,
				117D4A4A213F12480072AB88 /* ViewControllers */,
				117D4A17213F11A20072AB88 /* AppDelegate.swift */,
				117D4A1B213F11A20072AB88 /* Main.storyboard */,
				117D4A23213F11A40072AB88 /* LaunchScreen.storyboard */,
				117D4A26213F11A40072AB88 /* Info.plist */,
				117D4A1E213F11A20072AB88 /* Shiftgram.xcdatamodeld */,
			);
			path = Shiftgram;
			sourceTree = "<group>";
		};
		117D4A2E213F11A40072AB88 /* ShiftgramTests */ = {
			isa = PBXGroup;
			children = (
				117D4A2F213F11A40072AB88 /* ShiftgramTests.swift */,
				117D4A31213F11A40072AB88 /* Info.plist */,
			);
			path = ShiftgramTests;
			sourceTree = "<group>";
		};
		117D4A39213F11A40072AB88 /* ShiftgramUITests */ = {
			isa = PBXGroup;
			children = (
				117D4A3A213F11A40072AB88 /* ShiftgramUITests.swift */,
				117D4A3C213F11A40072AB88 /* Info.plist */,
			);
			path = ShiftgramUITests;
			sourceTree = "<group>";
		};
		117D4A4A213F12480072AB88 /* ViewControllers */ = {
			isa = PBXGroup;
			children = (
				117D4A19213F11A20072AB88 /* InitialViewController.swift */,
				117D4A4B213F16D60072AB88 /* PhoneVerifyViewController.swift */,
				117D4A4D213F1F260072AB88 /* ProfileViewController.swift */,
				11C33D3421405A9500E10B8B /* CodeVerifyViewController.swift */,
				11EBAAA72146D74700CECB45 /* ContactViewController.swift */,
				11EBAAA92146D75E00CECB45 /* MessageViewController.swift */,
				1132AD402149868400B9BBB5 /* SettingsViewController.swift */,
				11BE43AE21503F2D00938ED2 /* InviteViewController.swift */,
				116A8B642151934700C9F8DE /* ChatViewController.swift */,
			);
			path = ViewControllers;
			sourceTree = "<group>";
		};
		11878F7D21455CC8009026CE /* Helpers */ = {
			isa = PBXGroup;
			children = (
				11878F7E21455CE5009026CE /* ActivityIndicator.swift */,
				1158272A2147B59100D5AFE1 /* AwsHelper.swift */,
			);
			path = Helpers;
			sourceTree = "<group>";
		};
		11878F80214562D3009026CE /* CoreData */ = {
			isa = PBXGroup;
			children = (
				11878F81214562FC009026CE /* UserEnitity.swift */,
				11D833B02151673E00C606BB /* FriendEntity.swift */,
			);
			path = CoreData;
			sourceTree = "<group>";
		};
		11AB829321480498003558A4 /* Protocols */ = {
			isa = PBXGroup;
			children = (
				11AB8294214804B1003558A4 /* AccountUpdatable.swift */,
			);
			path = Protocols;
			sourceTree = "<group>";
		};
		11CAF5F8214AF83700EEAB74 /* Extensions */ = {
			isa = PBXGroup;
			children = (
				11C29CA42159559100D50085 /* StringExtensions.swift */,
			);
			path = Extensions;
			sourceTree = "<group>";
		};
		11F31A542140663800419361 /* Models */ = {
			isa = PBXGroup;
			children = (
				11F31A552140665D00419361 /* Phone.swift */,
				11878F8521457301009026CE /* Account.swift */,
				11878F8B2145A695009026CE /* PhoneVerify.swift */,
				116D07A221469A1200FB0AF0 /* AccountPhoneUpdate.swift */,
				1132AD422149888900B9BBB5 /* AccountInitialsUpdate.swift */,
				1132AD4421498A2F00B9BBB5 /* AccountBioUpdate.swift */,
				1132AD4621498B5800B9BBB5 /* AccountUsernameUpdate.swift */,
				1132AD4821498C4300B9BBB5 /* AccountPhotoUpdate.swift */,
				1132AD4A21498E1900B9BBB5 /* AccountGenderUpdate.swift */,
				11CAF5F6214AED2C00EEAB74 /* AccountSettings.swift */,
				1101BFA321501EA60012599B /* Contact.swift */,
				11D833B22151680800C606BB /* FriendModel.swift */,
				11D833B621516A5600C606BB /* AccountFriendModel.swift */,
			);
			path = Models;
			sourceTree = "<group>";
		};
		11F31A57214066E400419361 /* ViewModels */ = {
			isa = PBXGroup;
			children = (
				11F31A582140670400419361 /* PhoneViewModel.swift */,
				11878F8921459DD9009026CE /* UserViewModel.swift */,
				1101BFA7215023240012599B /* ContactViewModel.swift */,
				115974BC2151769B0075C2A5 /* FriendViewModel.swift */,
			);
			path = ViewModels;
			sourceTree = "<group>";
		};
		11F31A5A2140685200419361 /* DataManagers */ = {
			isa = PBXGroup;
			children = (
				11F31A5B2140688100419361 /* PhoneDataManager.swift */,
				11878F83214571B7009026CE /* UserDataManager.swift */,
				1101BFA521501F7E0012599B /* ContactDataManager.swift */,
				11D833B42151697D00C606BB /* FriendDataManager.swift */,
			);
			path = DataManagers;
			sourceTree = "<group>";
		};
		8E6ECB627D9A7D08AD49CB9C /* Pods */ = {
			isa = PBXGroup;
			children = (
				5BFC68A548607F6A005195A6 /* Pods-Shiftgram.debug.xcconfig */,
				7FA204809493C9466386BEDD /* Pods-Shiftgram.release.xcconfig */,
			);
			name = Pods;
			sourceTree = "<group>";
		};
		F07B8EABE2A88BCE942B95ED /* Frameworks */ = {
			isa = PBXGroup;
			children = (
				B543D455E2AE5E4CF8040C2C /* Pods_Shiftgram.framework */,
			);
			name = Frameworks;
			sourceTree = "<group>";
		};
/* End PBXGroup section */

/* Begin PBXNativeTarget section */
		117D4A13213F11A20072AB88 /* Shiftgram */ = {
			isa = PBXNativeTarget;
			buildConfigurationList = 117D4A3F213F11A40072AB88 /* Build configuration list for PBXNativeTarget "Shiftgram" */;
			buildPhases = (
				905F6147046C94379E4A39A8 /* [CP] Check Pods Manifest.lock */,
				117D4A10213F11A20072AB88 /* Sources */,
				117D4A11213F11A20072AB88 /* Frameworks */,
				117D4A12213F11A20072AB88 /* Resources */,
				8D3EF036C88DE8AC48A0FED5 /* [CP] Embed Pods Frameworks */,
			);
			buildRules = (
			);
			dependencies = (
			);
			name = Shiftgram;
			productName = Shiftgram;
			productReference = 117D4A14213F11A20072AB88 /* Shiftgram.app */;
			productType = "com.apple.product-type.application";
		};
		117D4A2A213F11A40072AB88 /* ShiftgramTests */ = {
			isa = PBXNativeTarget;
			buildConfigurationList = 117D4A42213F11A40072AB88 /* Build configuration list for PBXNativeTarget "ShiftgramTests" */;
			buildPhases = (
				117D4A27213F11A40072AB88 /* Sources */,
				117D4A28213F11A40072AB88 /* Frameworks */,
				117D4A29213F11A40072AB88 /* Resources */,
			);
			buildRules = (
			);
			dependencies = (
				117D4A2D213F11A40072AB88 /* PBXTargetDependency */,
			);
			name = ShiftgramTests;
			productName = ShiftgramTests;
			productReference = 117D4A2B213F11A40072AB88 /* ShiftgramTests.xctest */;
			productType = "com.apple.product-type.bundle.unit-test";
		};
		117D4A35213F11A40072AB88 /* ShiftgramUITests */ = {
			isa = PBXNativeTarget;
			buildConfigurationList = 117D4A45213F11A40072AB88 /* Build configuration list for PBXNativeTarget "ShiftgramUITests" */;
			buildPhases = (
				117D4A32213F11A40072AB88 /* Sources */,
				117D4A33213F11A40072AB88 /* Frameworks */,
				117D4A34213F11A40072AB88 /* Resources */,
			);
			buildRules = (
			);
			dependencies = (
				117D4A38213F11A40072AB88 /* PBXTargetDependency */,
			);
			name = ShiftgramUITests;
			productName = ShiftgramUITests;
			productReference = 117D4A36213F11A40072AB88 /* ShiftgramUITests.xctest */;
			productType = "com.apple.product-type.bundle.ui-testing";
		};
/* End PBXNativeTarget section */

/* Begin PBXProject section */
		117D4A0C213F11A20072AB88 /* Project object */ = {
			isa = PBXProject;
			attributes = {
				LastSwiftUpdateCheck = 0940;
				LastUpgradeCheck = 0940;
				ORGANIZATIONNAME = SolIT;
				TargetAttributes = {
					117D4A13213F11A20072AB88 = {
						CreatedOnToolsVersion = 9.4.1;
					};
					117D4A2A213F11A40072AB88 = {
						CreatedOnToolsVersion = 9.4.1;
						TestTargetID = 117D4A13213F11A20072AB88;
					};
					117D4A35213F11A40072AB88 = {
						CreatedOnToolsVersion = 9.4.1;
						TestTargetID = 117D4A13213F11A20072AB88;
					};
				};
			};
			buildConfigurationList = 117D4A0F213F11A20072AB88 /* Build configuration list for PBXProject "Shiftgram" */;
			compatibilityVersion = "Xcode 9.3";
			developmentRegion = en;
			hasScannedForEncodings = 0;
			knownRegions = (
				en,
				Base,
			);
			mainGroup = 117D4A0B213F11A20072AB88;
			productRefGroup = 117D4A15213F11A20072AB88 /* Products */;
			projectDirPath = "";
			projectRoot = "";
			targets = (
				117D4A13213F11A20072AB88 /* Shiftgram */,
				117D4A2A213F11A40072AB88 /* ShiftgramTests */,
				117D4A35213F11A40072AB88 /* ShiftgramUITests */,
			);
		};
/* End PBXProject section */

/* Begin PBXResourcesBuildPhase section */
		117D4A12213F11A20072AB88 /* Resources */ = {
			isa = PBXResourcesBuildPhase;
			buildActionMask = 2147483647;
			files = (
				117D4A25213F11A40072AB88 /* LaunchScreen.storyboard in Resources */,
				116A8B63215192B800C9F8DE /* GoogleService-Info.plist in Resources */,
				11878F88214596E4009026CE /* Assets.xcassets in Resources */,
				117D4A1D213F11A20072AB88 /* Main.storyboard in Resources */,
			);
			runOnlyForDeploymentPostprocessing = 0;
		};
		117D4A29213F11A40072AB88 /* Resources */ = {
			isa = PBXResourcesBuildPhase;
			buildActionMask = 2147483647;
			files = (
			);
			runOnlyForDeploymentPostprocessing = 0;
		};
		117D4A34213F11A40072AB88 /* Resources */ = {
			isa = PBXResourcesBuildPhase;
			buildActionMask = 2147483647;
			files = (
			);
			runOnlyForDeploymentPostprocessing = 0;
		};
/* End PBXResourcesBuildPhase section */

/* Begin PBXShellScriptBuildPhase section */
		8D3EF036C88DE8AC48A0FED5 /* [CP] Embed Pods Frameworks */ = {
			isa = PBXShellScriptBuildPhase;
			buildActionMask = 2147483647;
			files = (
			);
			inputPaths = (
				"${SRCROOT}/Pods/Target Support Files/Pods-Shiftgram/Pods-Shiftgram-frameworks.sh",
				"${BUILT_PRODUCTS_DIR}/AWSCognito/AWSCognito.framework",
				"${BUILT_PRODUCTS_DIR}/AWSCognitoIdentityProvider/AWSCognitoIdentityProvider.framework",
				"${BUILT_PRODUCTS_DIR}/AWSCognitoIdentityProviderASF/AWSCognitoIdentityProviderASF.framework",
				"${BUILT_PRODUCTS_DIR}/AWSCore/AWSCore.framework",
				"${BUILT_PRODUCTS_DIR}/AWSS3/AWSS3.framework",
				"${BUILT_PRODUCTS_DIR}/Alamofire/Alamofire.framework",
				"${BUILT_PRODUCTS_DIR}/GTMSessionFetcher/GTMSessionFetcher.framework",
				"${BUILT_PRODUCTS_DIR}/GoogleToolboxForMac/GoogleToolboxForMac.framework",
				"${BUILT_PRODUCTS_DIR}/JSQMessagesViewController/JSQMessagesViewController.framework",
				"${BUILT_PRODUCTS_DIR}/JSQSystemSoundPlayer/JSQSystemSoundPlayer.framework",
				"${BUILT_PRODUCTS_DIR}/ROGoogleTranslate/ROGoogleTranslate.framework",
				"${BUILT_PRODUCTS_DIR}/leveldb-library/leveldb.framework",
				"${BUILT_PRODUCTS_DIR}/nanopb/nanopb.framework",
			);
			name = "[CP] Embed Pods Frameworks";
			outputPaths = (
				"${TARGET_BUILD_DIR}/${FRAMEWORKS_FOLDER_PATH}/AWSCognito.framework",
				"${TARGET_BUILD_DIR}/${FRAMEWORKS_FOLDER_PATH}/AWSCognitoIdentityProvider.framework",
				"${TARGET_BUILD_DIR}/${FRAMEWORKS_FOLDER_PATH}/AWSCognitoIdentityProviderASF.framework",
				"${TARGET_BUILD_DIR}/${FRAMEWORKS_FOLDER_PATH}/AWSCore.framework",
				"${TARGET_BUILD_DIR}/${FRAMEWORKS_FOLDER_PATH}/AWSS3.framework",
				"${TARGET_BUILD_DIR}/${FRAMEWORKS_FOLDER_PATH}/Alamofire.framework",
				"${TARGET_BUILD_DIR}/${FRAMEWORKS_FOLDER_PATH}/GTMSessionFetcher.framework",
				"${TARGET_BUILD_DIR}/${FRAMEWORKS_FOLDER_PATH}/GoogleToolboxForMac.framework",
				"${TARGET_BUILD_DIR}/${FRAMEWORKS_FOLDER_PATH}/JSQMessagesViewController.framework",
				"${TARGET_BUILD_DIR}/${FRAMEWORKS_FOLDER_PATH}/JSQSystemSoundPlayer.framework",
				"${TARGET_BUILD_DIR}/${FRAMEWORKS_FOLDER_PATH}/ROGoogleTranslate.framework",
				"${TARGET_BUILD_DIR}/${FRAMEWORKS_FOLDER_PATH}/leveldb.framework",
				"${TARGET_BUILD_DIR}/${FRAMEWORKS_FOLDER_PATH}/nanopb.framework",
			);
			runOnlyForDeploymentPostprocessing = 0;
			shellPath = /bin/sh;
			shellScript = "\"${SRCROOT}/Pods/Target Support Files/Pods-Shiftgram/Pods-Shiftgram-frameworks.sh\"\n";
			showEnvVarsInLog = 0;
		};
		905F6147046C94379E4A39A8 /* [CP] Check Pods Manifest.lock */ = {
			isa = PBXShellScriptBuildPhase;
			buildActionMask = 2147483647;
			files = (
			);
			inputPaths = (
				"${PODS_PODFILE_DIR_PATH}/Podfile.lock",
				"${PODS_ROOT}/Manifest.lock",
			);
			name = "[CP] Check Pods Manifest.lock";
			outputPaths = (
				"$(DERIVED_FILE_DIR)/Pods-Shiftgram-checkManifestLockResult.txt",
			);
			runOnlyForDeploymentPostprocessing = 0;
			shellPath = /bin/sh;
			shellScript = "diff \"${PODS_PODFILE_DIR_PATH}/Podfile.lock\" \"${PODS_ROOT}/Manifest.lock\" > /dev/null\nif [ $? != 0 ] ; then\n    # print error to STDERR\n    echo \"error: The sandbox is not in sync with the Podfile.lock. Run 'pod install' or update your CocoaPods installation.\" >&2\n    exit 1\nfi\n# This output is used by Xcode 'outputs' to avoid re-running this script phase.\necho \"SUCCESS\" > \"${SCRIPT_OUTPUT_FILE_0}\"\n";
			showEnvVarsInLog = 0;
		};
/* End PBXShellScriptBuildPhase section */

/* Begin PBXSourcesBuildPhase section */
		117D4A10213F11A20072AB88 /* Sources */ = {
			isa = PBXSourcesBuildPhase;
			buildActionMask = 2147483647;
			files = (
				1101BFA621501F7E0012599B /* ContactDataManager.swift in Sources */,
				116A8B6121518EBF00C9F8DE /* Constants.swift in Sources */,
				117D4A4C213F16D60072AB88 /* PhoneVerifyViewController.swift in Sources */,
				1132AD4B21498E1900B9BBB5 /* AccountGenderUpdate.swift in Sources */,
				11BE43AF21503F2D00938ED2 /* InviteViewController.swift in Sources */,
				11878F8621457301009026CE /* Account.swift in Sources */,
				11D833B721516A5600C606BB /* AccountFriendModel.swift in Sources */,
				11BE43AD21503B5500938ED2 /* ContactTableViewCell.swift in Sources */,
				1132AD412149868400B9BBB5 /* SettingsViewController.swift in Sources */,
				11AB8295214804B1003558A4 /* AccountUpdatable.swift in Sources */,
				11878F8C2145A695009026CE /* PhoneVerify.swift in Sources */,
				11D833B32151680800C606BB /* FriendModel.swift in Sources */,
				1101BFA8215023240012599B /* ContactViewModel.swift in Sources */,
				11EBAAA82146D74700CECB45 /* ContactViewController.swift in Sources */,
				1132AD4721498B5800B9BBB5 /* AccountUsernameUpdate.swift in Sources */,
				117D4A20213F11A20072AB88 /* Shiftgram.xcdatamodeld in Sources */,
				116D07A321469A1200FB0AF0 /* AccountPhoneUpdate.swift in Sources */,
				1158272B2147B59100D5AFE1 /* AwsHelper.swift in Sources */,
				11F31A5C2140688100419361 /* PhoneDataManager.swift in Sources */,
				11C33D3521405A9500E10B8B /* CodeVerifyViewController.swift in Sources */,
				11D833B52151697D00C606BB /* FriendDataManager.swift in Sources */,
				11878F8A21459DD9009026CE /* UserViewModel.swift in Sources */,
				116A8B652151934700C9F8DE /* ChatViewController.swift in Sources */,
				11D833B12151673E00C606BB /* FriendEntity.swift in Sources */,
				117D4A4E213F1F260072AB88 /* ProfileViewController.swift in Sources */,
				11EBAAAA2146D75E00CECB45 /* MessageViewController.swift in Sources */,
				115974BD2151769C0075C2A5 /* FriendViewModel.swift in Sources */,
				11F31A562140665D00419361 /* Phone.swift in Sources */,
				11CAF5F7214AED2C00EEAB74 /* AccountSettings.swift in Sources */,
				1132AD4521498A2F00B9BBB5 /* AccountBioUpdate.swift in Sources */,
				11878F7F21455CE5009026CE /* ActivityIndicator.swift in Sources */,
				1101BFA421501EA60012599B /* Contact.swift in Sources */,
				11C29CA52159559100D50085 /* StringExtensions.swift in Sources */,
				11F31A592140670400419361 /* PhoneViewModel.swift in Sources */,
				1132AD4921498C4300B9BBB5 /* AccountPhotoUpdate.swift in Sources */,
				11878F84214571B7009026CE /* UserDataManager.swift in Sources */,
				117D4A1A213F11A20072AB88 /* InitialViewController.swift in Sources */,
				117D4A18213F11A20072AB88 /* AppDelegate.swift in Sources */,
				11878F82214562FC009026CE /* UserEnitity.swift in Sources */,
				1132AD432149888900B9BBB5 /* AccountInitialsUpdate.swift in Sources */,
			);
			runOnlyForDeploymentPostprocessing = 0;
		};
		117D4A27213F11A40072AB88 /* Sources */ = {
			isa = PBXSourcesBuildPhase;
			buildActionMask = 2147483647;
			files = (
				117D4A30213F11A40072AB88 /* ShiftgramTests.swift in Sources */,
			);
			runOnlyForDeploymentPostprocessing = 0;
		};
		117D4A32213F11A40072AB88 /* Sources */ = {
			isa = PBXSourcesBuildPhase;
			buildActionMask = 2147483647;
			files = (
				117D4A3B213F11A40072AB88 /* ShiftgramUITests.swift in Sources */,
			);
			runOnlyForDeploymentPostprocessing = 0;
		};
/* End PBXSourcesBuildPhase section */

/* Begin PBXTargetDependency section */
		117D4A2D213F11A40072AB88 /* PBXTargetDependency */ = {
			isa = PBXTargetDependency;
			target = 117D4A13213F11A20072AB88 /* Shiftgram */;
			targetProxy = 117D4A2C213F11A40072AB88 /* PBXContainerItemProxy */;
		};
		117D4A38213F11A40072AB88 /* PBXTargetDependency */ = {
			isa = PBXTargetDependency;
			target = 117D4A13213F11A20072AB88 /* Shiftgram */;
			targetProxy = 117D4A37213F11A40072AB88 /* PBXContainerItemProxy */;
		};
/* End PBXTargetDependency section */

/* Begin PBXVariantGroup section */
		117D4A1B213F11A20072AB88 /* Main.storyboard */ = {
			isa = PBXVariantGroup;
			children = (
				117D4A1C213F11A20072AB88 /* Base */,
				117D4A48213F120C0072AB88 /* ru */,
			);
			name = Main.storyboard;
			sourceTree = "<group>";
		};
		117D4A23213F11A40072AB88 /* LaunchScreen.storyboard */ = {
			isa = PBXVariantGroup;
			children = (
				117D4A24213F11A40072AB88 /* Base */,
				117D4A49213F120D0072AB88 /* ru */,
			);
			name = LaunchScreen.storyboard;
			sourceTree = "<group>";
		};
/* End PBXVariantGroup section */

/* Begin XCBuildConfiguration section */
		117D4A3D213F11A40072AB88 /* Debug */ = {
			isa = XCBuildConfiguration;
			buildSettings = {
				ALWAYS_SEARCH_USER_PATHS = NO;
				CLANG_ANALYZER_LOCALIZABILITY_NONLOCALIZED = YES;
				CLANG_ANALYZER_NONNULL = YES;
				CLANG_ANALYZER_NUMBER_OBJECT_CONVERSION = YES_AGGRESSIVE;
				CLANG_CXX_LANGUAGE_STANDARD = "gnu++14";
				CLANG_CXX_LIBRARY = "libc++";
				CLANG_ENABLE_MODULES = YES;
				CLANG_ENABLE_OBJC_ARC = YES;
				CLANG_ENABLE_OBJC_WEAK = YES;
				CLANG_WARN_BLOCK_CAPTURE_AUTORELEASING = YES;
				CLANG_WARN_BOOL_CONVERSION = YES;
				CLANG_WARN_COMMA = YES;
				CLANG_WARN_CONSTANT_CONVERSION = YES;
				CLANG_WARN_DEPRECATED_OBJC_IMPLEMENTATIONS = YES;
				CLANG_WARN_DIRECT_OBJC_ISA_USAGE = YES_ERROR;
				CLANG_WARN_DOCUMENTATION_COMMENTS = YES;
				CLANG_WARN_EMPTY_BODY = YES;
				CLANG_WARN_ENUM_CONVERSION = YES;
				CLANG_WARN_INFINITE_RECURSION = YES;
				CLANG_WARN_INT_CONVERSION = YES;
				CLANG_WARN_NON_LITERAL_NULL_CONVERSION = YES;
				CLANG_WARN_OBJC_IMPLICIT_RETAIN_SELF = YES;
				CLANG_WARN_OBJC_LITERAL_CONVERSION = YES;
				CLANG_WARN_OBJC_ROOT_CLASS = YES_ERROR;
				CLANG_WARN_RANGE_LOOP_ANALYSIS = YES;
				CLANG_WARN_STRICT_PROTOTYPES = YES;
				CLANG_WARN_SUSPICIOUS_MOVE = YES;
				CLANG_WARN_UNGUARDED_AVAILABILITY = YES_AGGRESSIVE;
				CLANG_WARN_UNREACHABLE_CODE = YES;
				CLANG_WARN__DUPLICATE_METHOD_MATCH = YES;
				CODE_SIGN_IDENTITY = "iPhone Developer";
				COPY_PHASE_STRIP = NO;
				DEBUG_INFORMATION_FORMAT = dwarf;
				ENABLE_STRICT_OBJC_MSGSEND = YES;
				ENABLE_TESTABILITY = YES;
				GCC_C_LANGUAGE_STANDARD = gnu11;
				GCC_DYNAMIC_NO_PIC = NO;
				GCC_NO_COMMON_BLOCKS = YES;
				GCC_OPTIMIZATION_LEVEL = 0;
				GCC_PREPROCESSOR_DEFINITIONS = (
					"DEBUG=1",
					"$(inherited)",
				);
				GCC_WARN_64_TO_32_BIT_CONVERSION = YES;
				GCC_WARN_ABOUT_RETURN_TYPE = YES_ERROR;
				GCC_WARN_UNDECLARED_SELECTOR = YES;
				GCC_WARN_UNINITIALIZED_AUTOS = YES_AGGRESSIVE;
				GCC_WARN_UNUSED_FUNCTION = YES;
				GCC_WARN_UNUSED_VARIABLE = YES;
				HEADER_SEARCH_PATHS = "$(SRCROOT)/Pods";
				IPHONEOS_DEPLOYMENT_TARGET = 11.0;
				MTL_ENABLE_DEBUG_INFO = YES;
				ONLY_ACTIVE_ARCH = YES;
				SDKROOT = iphoneos;
				SWIFT_ACTIVE_COMPILATION_CONDITIONS = DEBUG;
				SWIFT_OBJC_BRIDGING_HEADER = "Bridging-Header.h";
				SWIFT_OPTIMIZATION_LEVEL = "-Onone";
			};
			name = Debug;
		};
		117D4A3E213F11A40072AB88 /* Release */ = {
			isa = XCBuildConfiguration;
			buildSettings = {
				ALWAYS_SEARCH_USER_PATHS = NO;
				CLANG_ANALYZER_LOCALIZABILITY_NONLOCALIZED = YES;
				CLANG_ANALYZER_NONNULL = YES;
				CLANG_ANALYZER_NUMBER_OBJECT_CONVERSION = YES_AGGRESSIVE;
				CLANG_CXX_LANGUAGE_STANDARD = "gnu++14";
				CLANG_CXX_LIBRARY = "libc++";
				CLANG_ENABLE_MODULES = YES;
				CLANG_ENABLE_OBJC_ARC = YES;
				CLANG_ENABLE_OBJC_WEAK = YES;
				CLANG_WARN_BLOCK_CAPTURE_AUTORELEASING = YES;
				CLANG_WARN_BOOL_CONVERSION = YES;
				CLANG_WARN_COMMA = YES;
				CLANG_WARN_CONSTANT_CONVERSION = YES;
				CLANG_WARN_DEPRECATED_OBJC_IMPLEMENTATIONS = YES;
				CLANG_WARN_DIRECT_OBJC_ISA_USAGE = YES_ERROR;
				CLANG_WARN_DOCUMENTATION_COMMENTS = YES;
				CLANG_WARN_EMPTY_BODY = YES;
				CLANG_WARN_ENUM_CONVERSION = YES;
				CLANG_WARN_INFINITE_RECURSION = YES;
				CLANG_WARN_INT_CONVERSION = YES;
				CLANG_WARN_NON_LITERAL_NULL_CONVERSION = YES;
				CLANG_WARN_OBJC_IMPLICIT_RETAIN_SELF = YES;
				CLANG_WARN_OBJC_LITERAL_CONVERSION = YES;
				CLANG_WARN_OBJC_ROOT_CLASS = YES_ERROR;
				CLANG_WARN_RANGE_LOOP_ANALYSIS = YES;
				CLANG_WARN_STRICT_PROTOTYPES = YES;
				CLANG_WARN_SUSPICIOUS_MOVE = YES;
				CLANG_WARN_UNGUARDED_AVAILABILITY = YES_AGGRESSIVE;
				CLANG_WARN_UNREACHABLE_CODE = YES;
				CLANG_WARN__DUPLICATE_METHOD_MATCH = YES;
				CODE_SIGN_IDENTITY = "iPhone Developer";
				COPY_PHASE_STRIP = NO;
				DEBUG_INFORMATION_FORMAT = "dwarf-with-dsym";
				ENABLE_NS_ASSERTIONS = NO;
				ENABLE_STRICT_OBJC_MSGSEND = YES;
				GCC_C_LANGUAGE_STANDARD = gnu11;
				GCC_NO_COMMON_BLOCKS = YES;
				GCC_WARN_64_TO_32_BIT_CONVERSION = YES;
				GCC_WARN_ABOUT_RETURN_TYPE = YES_ERROR;
				GCC_WARN_UNDECLARED_SELECTOR = YES;
				GCC_WARN_UNINITIALIZED_AUTOS = YES_AGGRESSIVE;
				GCC_WARN_UNUSED_FUNCTION = YES;
				GCC_WARN_UNUSED_VARIABLE = YES;
				HEADER_SEARCH_PATHS = "$(SRCROOT)/Pods";
				IPHONEOS_DEPLOYMENT_TARGET = 11.0;
				MTL_ENABLE_DEBUG_INFO = NO;
				SDKROOT = iphoneos;
				SWIFT_COMPILATION_MODE = wholemodule;
				SWIFT_OBJC_BRIDGING_HEADER = "Bridging-Header.h";
				SWIFT_OPTIMIZATION_LEVEL = "-O";
				VALIDATE_PRODUCT = YES;
			};
			name = Release;
		};
		117D4A40213F11A40072AB88 /* Debug */ = {
			isa = XCBuildConfiguration;
			baseConfigurationReference = 5BFC68A548607F6A005195A6 /* Pods-Shiftgram.debug.xcconfig */;
			buildSettings = {
				ASSETCATALOG_COMPILER_APPICON_NAME = AppIcon;
				CODE_SIGN_STYLE = Automatic;
				DEVELOPMENT_TEAM = 2HBEU7EA9M;
				INFOPLIST_FILE = Shiftgram/Info.plist;
				LD_RUNPATH_SEARCH_PATHS = (
					"$(inherited)",
					"@executable_path/Frameworks",
				);
				PRODUCT_BUNDLE_IDENTIFIER = com.SolIT.Shiftgram;
				PRODUCT_NAME = "$(TARGET_NAME)";
				SWIFT_VERSION = 4.0;
				TARGETED_DEVICE_FAMILY = 1;
			};
			name = Debug;
		};
		117D4A41213F11A40072AB88 /* Release */ = {
			isa = XCBuildConfiguration;
			baseConfigurationReference = 7FA204809493C9466386BEDD /* Pods-Shiftgram.release.xcconfig */;
			buildSettings = {
				ASSETCATALOG_COMPILER_APPICON_NAME = AppIcon;
				CODE_SIGN_STYLE = Automatic;
				DEVELOPMENT_TEAM = 2HBEU7EA9M;
				INFOPLIST_FILE = Shiftgram/Info.plist;
				LD_RUNPATH_SEARCH_PATHS = (
					"$(inherited)",
					"@executable_path/Frameworks",
				);
				PRODUCT_BUNDLE_IDENTIFIER = com.SolIT.Shiftgram;
				PRODUCT_NAME = "$(TARGET_NAME)";
				SWIFT_VERSION = 4.0;
				TARGETED_DEVICE_FAMILY = 1;
			};
			name = Release;
		};
		117D4A43213F11A40072AB88 /* Debug */ = {
			isa = XCBuildConfiguration;
			buildSettings = {
				ALWAYS_EMBED_SWIFT_STANDARD_LIBRARIES = YES;
				BUNDLE_LOADER = "$(TEST_HOST)";
				CODE_SIGN_STYLE = Automatic;
				DEVELOPMENT_TEAM = 2HBEU7EA9M;
				INFOPLIST_FILE = ShiftgramTests/Info.plist;
				LD_RUNPATH_SEARCH_PATHS = (
					"$(inherited)",
					"@executable_path/Frameworks",
					"@loader_path/Frameworks",
				);
				PRODUCT_BUNDLE_IDENTIFIER = com.SolIT.ShiftgramTests;
				PRODUCT_NAME = "$(TARGET_NAME)";
				SWIFT_VERSION = 4.0;
				TARGETED_DEVICE_FAMILY = "1,2";
				TEST_HOST = "$(BUILT_PRODUCTS_DIR)/Shiftgram.app/Shiftgram";
			};
			name = Debug;
		};
		117D4A44213F11A40072AB88 /* Release */ = {
			isa = XCBuildConfiguration;
			buildSettings = {
				ALWAYS_EMBED_SWIFT_STANDARD_LIBRARIES = YES;
				BUNDLE_LOADER = "$(TEST_HOST)";
				CODE_SIGN_STYLE = Automatic;
				DEVELOPMENT_TEAM = 2HBEU7EA9M;
				INFOPLIST_FILE = ShiftgramTests/Info.plist;
				LD_RUNPATH_SEARCH_PATHS = (
					"$(inherited)",
					"@executable_path/Frameworks",
					"@loader_path/Frameworks",
				);
				PRODUCT_BUNDLE_IDENTIFIER = com.SolIT.ShiftgramTests;
				PRODUCT_NAME = "$(TARGET_NAME)";
				SWIFT_VERSION = 4.0;
				TARGETED_DEVICE_FAMILY = "1,2";
				TEST_HOST = "$(BUILT_PRODUCTS_DIR)/Shiftgram.app/Shiftgram";
			};
			name = Release;
		};
		117D4A46213F11A40072AB88 /* Debug */ = {
			isa = XCBuildConfiguration;
			buildSettings = {
				ALWAYS_EMBED_SWIFT_STANDARD_LIBRARIES = YES;
				CODE_SIGN_STYLE = Automatic;
				DEVELOPMENT_TEAM = 2HBEU7EA9M;
				INFOPLIST_FILE = ShiftgramUITests/Info.plist;
				LD_RUNPATH_SEARCH_PATHS = (
					"$(inherited)",
					"@executable_path/Frameworks",
					"@loader_path/Frameworks",
				);
				PRODUCT_BUNDLE_IDENTIFIER = com.SolIT.ShiftgramUITests;
				PRODUCT_NAME = "$(TARGET_NAME)";
				SWIFT_VERSION = 4.0;
				TARGETED_DEVICE_FAMILY = "1,2";
				TEST_TARGET_NAME = Shiftgram;
			};
			name = Debug;
		};
		117D4A47213F11A40072AB88 /* Release */ = {
			isa = XCBuildConfiguration;
			buildSettings = {
				ALWAYS_EMBED_SWIFT_STANDARD_LIBRARIES = YES;
				CODE_SIGN_STYLE = Automatic;
				DEVELOPMENT_TEAM = 2HBEU7EA9M;
				INFOPLIST_FILE = ShiftgramUITests/Info.plist;
				LD_RUNPATH_SEARCH_PATHS = (
					"$(inherited)",
					"@executable_path/Frameworks",
					"@loader_path/Frameworks",
				);
				PRODUCT_BUNDLE_IDENTIFIER = com.SolIT.ShiftgramUITests;
				PRODUCT_NAME = "$(TARGET_NAME)";
				SWIFT_VERSION = 4.0;
				TARGETED_DEVICE_FAMILY = "1,2";
				TEST_TARGET_NAME = Shiftgram;
			};
			name = Release;
		};
/* End XCBuildConfiguration section */

/* Begin XCConfigurationList section */
		117D4A0F213F11A20072AB88 /* Build configuration list for PBXProject "Shiftgram" */ = {
			isa = XCConfigurationList;
			buildConfigurations = (
				117D4A3D213F11A40072AB88 /* Debug */,
				117D4A3E213F11A40072AB88 /* Release */,
			);
			defaultConfigurationIsVisible = 0;
			defaultConfigurationName = Release;
		};
		117D4A3F213F11A40072AB88 /* Build configuration list for PBXNativeTarget "Shiftgram" */ = {
			isa = XCConfigurationList;
			buildConfigurations = (
				117D4A40213F11A40072AB88 /* Debug */,
				117D4A41213F11A40072AB88 /* Release */,
			);
			defaultConfigurationIsVisible = 0;
			defaultConfigurationName = Release;
		};
		117D4A42213F11A40072AB88 /* Build configuration list for PBXNativeTarget "ShiftgramTests" */ = {
			isa = XCConfigurationList;
			buildConfigurations = (
				117D4A43213F11A40072AB88 /* Debug */,
				117D4A44213F11A40072AB88 /* Release */,
			);
			defaultConfigurationIsVisible = 0;
			defaultConfigurationName = Release;
		};
		117D4A45213F11A40072AB88 /* Build configuration list for PBXNativeTarget "ShiftgramUITests" */ = {
			isa = XCConfigurationList;
			buildConfigurations = (
				117D4A46213F11A40072AB88 /* Debug */,
				117D4A47213F11A40072AB88 /* Release */,
			);
			defaultConfigurationIsVisible = 0;
			defaultConfigurationName = Release;
		};
/* End XCConfigurationList section */

/* Begin XCVersionGroup section */
		117D4A1E213F11A20072AB88 /* Shiftgram.xcdatamodeld */ = {
			isa = XCVersionGroup;
			children = (
				117D4A1F213F11A20072AB88 /* Shiftgram.xcdatamodel */,
			);
			currentVersion = 117D4A1F213F11A20072AB88 /* Shiftgram.xcdatamodel */;
			path = Shiftgram.xcdatamodeld;
			sourceTree = "<group>";
			versionGroupType = wrapper.xcdatamodel;
		};
/* End XCVersionGroup section */
	};
	rootObject = 117D4A0C213F11A20072AB88 /* Project object */;
}
